
Microsoft Visual Studio Solution File, Format Version 10.00
# Visual Studio 2008
Project("{8BC9CEB8-8B4A-11D0-8D11-00A0C91BC942}") = "VertexRecolor", "VertexRecolor\VertexRecolor.vcproj", "{4EACBC51-2DD4-4335-B1B3-F5A930B31E3E}"
EndProject
Project("{8BC9CEB8-8B4A-11D0-8D11-00A0C91BC942}") = "QuadricsBasedMeshSimplifier", "QuadricsBasedMeshSimplifier\QuadricsBasedMeshSimplifier.vcproj", "{76AB4DE1-0525-4F7A-AC62-423A1E1E0E44}"
EndProject
Project("{8BC9CEB8-8B4A-11D0-8D11-00A0C91BC942}") = "Texturer", "Texturer\Texturer.vcproj", "{FB846A76-49A2-4DB7-86FB-6204676D7730}"
EndProject
Global
	GlobalSection(SolutionConfigurationPlatforms) = preSolution
		Debug|Win32 = Debug|Win32
		Final|Win32 = Final|Win32
		Release|Win32 = Release|Win32
	EndGlobalSection
	GlobalSection(ProjectConfigurationPlatforms) = postSolution
		{4EACBC51-2DD4-4335-B1B3-F5A930B31E3E}.Debug|Win32.ActiveCfg = Debug|Win32
		{4EACBC51-2DD4-4335-B1B3-F5A930B31E3E}.Final|Win32.ActiveCfg = Final|Win32
		{4EACBC51-2DD4-4335-B1B3-F5A930B31E3E}.Release|Win32.ActiveCfg = Release|Win32
		{76AB4DE1-0525-4F7A-AC62-423A1E1E0E44}.Debug|Win32.ActiveCfg = Debug|Win32
		{76AB4DE1-0525-4F7A-AC62-423A1E1E0E44}.Final|Win32.ActiveCfg = Final|Win32
		{76AB4DE1-0525-4F7A-AC62-423A1E1E0E44}.Release|Win32.ActiveCfg = Release|Win32
		{FB846A76-49A2-4DB7-86FB-6204676D7730}.Debug|Win32.ActiveCfg = Debug|Win32
		{FB846A76-49A2-4DB7-86FB-6204676D7730}.Debug|Win32.Build.0 = Debug|Win32
		{FB846A76-49A2-4DB7-86FB-6204676D7730}.Final|Win32.ActiveCfg = Release|Win32
		{FB846A76-49A2-4DB7-86FB-6204676D7730}.Final|Win32.Build.0 = Release|Win32
		{FB846A76-49A2-4DB7-86FB-6204676D7730}.Release|Win32.ActiveCfg = Release|Win32
		{FB846A76-49A2-4DB7-86FB-6204676D7730}.Release|Win32.Build.0 = Release|Win32
	EndGlobalSection
	GlobalSection(SolutionProperties) = preSolution
		HideSolutionNode = FALSE
	EndGlobalSection
EndGlobal
